
Microsoft Visual Studio Solution File, Format Version 12.00
# Visual Studio Version 16
VisualStudioVersion = 16.0.30907.101
MinimumVisualStudioVersion = 10.0.40219.1
Project("{FAE04EC0-301F-11D3-BF4B-00C04F79EFBC}") = "Distribuidora", "Distribuidora\Distribuidora.csproj", "{84825806-1D06-494D-8DE8-DC495CA471E2}"
EndProject
Global
	GlobalSection(SolutionConfigurationPlatforms) = preSolution
		Debug|Any CPU = Debug|Any CPU
		Release|Any CPU = Release|Any CPU
	EndGlobalSection
	GlobalSection(ProjectConfigurationPlatforms) = postSolution
		{84825806-1D06-494D-8DE8-DC495CA471E2}.Debug|Any CPU.ActiveCfg = Debug|Any CPU
		{84825806-1D06-494D-8DE8-DC495CA471E2}.Debug|Any CPU.Build.0 = Debug|Any CPU
		{84825806-1D06-494D-8DE8-DC495CA471E2}.Release|Any CPU.ActiveCfg = Release|Any CPU
		{84825806-1D06-494D-8DE8-DC495CA471E2}.Release|Any CPU.Build.0 = Release|Any CPU
	EndGlobalSection
	GlobalSection(SolutionProperties) = preSolution
		HideSolutionNode = FALSE
	EndGlobalSection
	GlobalSection(ExtensibilityGlobals) = postSolution
		SolutionGuid = {16DAE399-7B1B-422B-BB82-DAC2FEAF0CA2}
	EndGlobalSection
EndGlobal
